github.com/Phillip-England/vbf v0.0.5 h1:9ysZqNp30l+2yleHFfNqqaE0131njeYk/0B78xrwC0Y=
github.com/Phillip-England/vbf v0.0.5/go.mod h1:c4fm/n1Ti/5NhOWJuMb5OwdASavR/1vtfVBV1LY6d18=
github.com/a-h/templ v0.2.771 h1:4KH5ykNigYGGpCe0fRJ7/hzwz72k3qFqIiiLLJskbSo=
github.com/a-h/templ v0.2.771/go.mod h1:lq48JXoUvuQrU0VThrK31yFwdRjTCnIE5bcPCM9IP1w=
